
Microsoft Visual Studio Solution File, Format Version 12.00
# Visual Studio 2013
VisualStudioVersion = 12.0.21005.1
MinimumVisualStudioVersion = 10.0.40219.1
Project("{FAE04EC0-301F-11D3-BF4B-00C04F79EFBC}") = "ClipperPlugin", "ClipperPlugin\ClipperPlugin.csproj", "{212BD8C8-72B8-449B-97FE-00509263A0C9}"
EndProject
Project("{FAE04EC0-301F-11D3-BF4B-00C04F79EFBC}") = "ClipperTools", "ClipperTools\ClipperTools.csproj", "{79EFB8B2-9AE3-429C-A254-58D1603F118F}"
EndProject
Project("{FAE04EC0-301F-11D3-BF4B-00C04F79EFBC}") = "ClipperComponents", "ClipperComponents\ClipperComponents.csproj", "{60336726-833B-4C4E-86D8-7EEAE16D5F77}"
EndProject
Global
	GlobalSection(SolutionConfigurationPlatforms) = preSolution
		Debug|Any CPU = Debug|Any CPU
		Debug32|Any CPU = Debug32|Any CPU
		Debug64|Any CPU = Debug64|Any CPU
		Release|Any CPU = Release|Any CPU
	EndGlobalSection
	GlobalSection(ProjectConfigurationPlatforms) = postSolution
		{212BD8C8-72B8-449B-97FE-00509263A0C9}.Debug|Any CPU.ActiveCfg = Debug64|Any CPU
		{212BD8C8-72B8-449B-97FE-00509263A0C9}.Debug|Any CPU.Build.0 = Debug64|Any CPU
		{212BD8C8-72B8-449B-97FE-00509263A0C9}.Debug32|Any CPU.ActiveCfg = Debug32|Any CPU
		{212BD8C8-72B8-449B-97FE-00509263A0C9}.Debug32|Any CPU.Build.0 = Debug32|Any CPU
		{212BD8C8-72B8-449B-97FE-00509263A0C9}.Debug64|Any CPU.ActiveCfg = Debug64|Any CPU
		{212BD8C8-72B8-449B-97FE-00509263A0C9}.Debug64|Any CPU.Build.0 = Debug64|Any CPU
		{212BD8C8-72B8-449B-97FE-00509263A0C9}.Release|Any CPU.ActiveCfg = Release|Any CPU
		{212BD8C8-72B8-449B-97FE-00509263A0C9}.Release|Any CPU.Build.0 = Release|Any CPU
		{79EFB8B2-9AE3-429C-A254-58D1603F118F}.Debug|Any CPU.ActiveCfg = Debug|Any CPU
		{79EFB8B2-9AE3-429C-A254-58D1603F118F}.Debug|Any CPU.Build.0 = Debug|Any CPU
		{79EFB8B2-9AE3-429C-A254-58D1603F118F}.Debug32|Any CPU.ActiveCfg = Debug|Any CPU
		{79EFB8B2-9AE3-429C-A254-58D1603F118F}.Debug32|Any CPU.Build.0 = Debug|Any CPU
		{79EFB8B2-9AE3-429C-A254-58D1603F118F}.Debug64|Any CPU.ActiveCfg = Debug|Any CPU
		{79EFB8B2-9AE3-429C-A254-58D1603F118F}.Debug64|Any CPU.Build.0 = Debug|Any CPU
		{79EFB8B2-9AE3-429C-A254-58D1603F118F}.Release|Any CPU.ActiveCfg = Release|Any CPU
		{79EFB8B2-9AE3-429C-A254-58D1603F118F}.Release|Any CPU.Build.0 = Release|Any CPU
		{60336726-833B-4C4E-86D8-7EEAE16D5F77}.Debug|Any CPU.ActiveCfg = Debug|Any CPU
		{60336726-833B-4C4E-86D8-7EEAE16D5F77}.Debug|Any CPU.Build.0 = Debug|Any CPU
		{60336726-833B-4C4E-86D8-7EEAE16D5F77}.Debug32|Any CPU.ActiveCfg = Debug|Any CPU
		{60336726-833B-4C4E-86D8-7EEAE16D5F77}.Debug32|Any CPU.Build.0 = Debug|Any CPU
		{60336726-833B-4C4E-86D8-7EEAE16D5F77}.Debug64|Any CPU.ActiveCfg = Debug|Any CPU
		{60336726-833B-4C4E-86D8-7EEAE16D5F77}.Debug64|Any CPU.Build.0 = Debug|Any CPU
		{60336726-833B-4C4E-86D8-7EEAE16D5F77}.Release|Any CPU.ActiveCfg = Release|Any CPU
		{60336726-833B-4C4E-86D8-7EEAE16D5F77}.Release|Any CPU.Build.0 = Release|Any CPU
	EndGlobalSection
	GlobalSection(SolutionProperties) = preSolution
		HideSolutionNode = FALSE
	EndGlobalSection
EndGlobal
